
Microsoft Visual Studio Solution File, Format Version 12.00
# Visual Studio 14
VisualStudioVersion = 14.0.25420.1
MinimumVisualStudioVersion = 10.0.40219.1
Project("{FAE04EC0-301F-11D3-BF4B-00C04F79EFBC}") = "ValSystem", "ValSystem\ValSystem.csproj", "{EB7C74FD-089E-459A-AD89-B92EDBBF9D3C}"
EndProject
Project("{FAE04EC0-301F-11D3-BF4B-00C04F79EFBC}") = "ValSystem.Connection", "ValSystem.Connection\ValSystem.Connection.csproj", "{CA12DCCB-8956-47BF-9448-8209581A83FE}"
EndProject
Project("{FAE04EC0-301F-11D3-BF4B-00C04F79EFBC}") = "ValSystem.Util", "ValSystem.Util\ValSystem.Util.csproj", "{59736916-C80E-4C05-9416-9C9ED03E38AF}"
EndProject
Project("{FAE04EC0-301F-11D3-BF4B-00C04F79EFBC}") = "ValSystem.Model", "ValSystem.Model\ValSystem.Model.csproj", "{F1FE3D50-E479-41AF-B3CC-31F0BF8F3913}"
EndProject
Project("{FAE04EC0-301F-11D3-BF4B-00C04F79EFBC}") = "ValSystem.Controller", "ValSystem.Controller\ValSystem.Controller.csproj", "{B3B8E380-5232-4135-BEB1-4E18A58037F8}"
EndProject
Project("{FAE04EC0-301F-11D3-BF4B-00C04F79EFBC}") = "ValSystem.View", "ValSystem.View\ValSystem.View.csproj", "{44E9C0B2-9729-47B7-8B32-0F61D7448A57}"
EndProject
Project("{FAE04EC0-301F-11D3-BF4B-00C04F79EFBC}") = "ValSystem.Interfaces.Model", "ValSystem.Interfaces.Model\ValSystem.Interfaces.Model.csproj", "{E1F568D6-7A1B-4C43-BED6-2B3A2A495330}"
EndProject
Project("{FAE04EC0-301F-11D3-BF4B-00C04F79EFBC}") = "ValSystem.Interfaces.Controller", "ValSystem.Interfaces.Controller\ValSystem.Interfaces.Controller.csproj", "{58C9D2F4-2E3B-409D-A7F4-743D1F0A9946}"
EndProject
Project("{FAE04EC0-301F-11D3-BF4B-00C04F79EFBC}") = "ValSystem.Interfaces.View", "ValSystem.Interfaces.View\ValSystem.Interfaces.View.csproj", "{B415803B-28C4-4A85-8A2D-91AFF071DB88}"
EndProject
Project("{FAE04EC0-301F-11D3-BF4B-00C04F79EFBC}") = "ValSystem.Controls", "ValSystem.Controls\ValSystem.Controls.csproj", "{1BD7C3E8-1310-42EF-9F83-E4ED24E71206}"
EndProject
Project("{FAE04EC0-301F-11D3-BF4B-00C04F79EFBC}") = "ValSystem.SQLite", "ValSystem.SQLite\ValSystem.SQLite.csproj", "{4A48B9C5-2FC5-4D42-9872-7F2A14202EC4}"
EndProject
Global
	GlobalSection(SolutionConfigurationPlatforms) = preSolution
		Debug|Any CPU = Debug|Any CPU
		Release|Any CPU = Release|Any CPU
	EndGlobalSection
	GlobalSection(ProjectConfigurationPlatforms) = postSolution
		{EB7C74FD-089E-459A-AD89-B92EDBBF9D3C}.Debug|Any CPU.ActiveCfg = Debug|Any CPU
		{EB7C74FD-089E-459A-AD89-B92EDBBF9D3C}.Debug|Any CPU.Build.0 = Debug|Any CPU
		{EB7C74FD-089E-459A-AD89-B92EDBBF9D3C}.Release|Any CPU.ActiveCfg = Release|Any CPU
		{EB7C74FD-089E-459A-AD89-B92EDBBF9D3C}.Release|Any CPU.Build.0 = Release|Any CPU
		{CA12DCCB-8956-47BF-9448-8209581A83FE}.Debug|Any CPU.ActiveCfg = Debug|Any CPU
		{CA12DCCB-8956-47BF-9448-8209581A83FE}.Debug|Any CPU.Build.0 = Debug|Any CPU
		{CA12DCCB-8956-47BF-9448-8209581A83FE}.Release|Any CPU.ActiveCfg = Release|Any CPU
		{CA12DCCB-8956-47BF-9448-8209581A83FE}.Release|Any CPU.Build.0 = Release|Any CPU
		{59736916-C80E-4C05-9416-9C9ED03E38AF}.Debug|Any CPU.ActiveCfg = Debug|Any CPU
		{59736916-C80E-4C05-9416-9C9ED03E38AF}.Debug|Any CPU.Build.0 = Debug|Any CPU
		{59736916-C80E-4C05-9416-9C9ED03E38AF}.Release|Any CPU.ActiveCfg = Release|Any CPU
		{59736916-C80E-4C05-9416-9C9ED03E38AF}.Release|Any CPU.Build.0 = Release|Any CPU
		{F1FE3D50-E479-41AF-B3CC-31F0BF8F3913}.Debug|Any CPU.ActiveCfg = Debug|Any CPU
		{F1FE3D50-E479-41AF-B3CC-31F0BF8F3913}.Debug|Any CPU.Build.0 = Debug|Any CPU
		{F1FE3D50-E479-41AF-B3CC-31F0BF8F3913}.Release|Any CPU.ActiveCfg = Release|Any CPU
		{F1FE3D50-E479-41AF-B3CC-31F0BF8F3913}.Release|Any CPU.Build.0 = Release|Any CPU
		{B3B8E380-5232-4135-BEB1-4E18A58037F8}.Debug|Any CPU.ActiveCfg = Debug|Any CPU
		{B3B8E380-5232-4135-BEB1-4E18A58037F8}.Debug|Any CPU.Build.0 = Debug|Any CPU
		{B3B8E380-5232-4135-BEB1-4E18A58037F8}.Release|Any CPU.ActiveCfg = Release|Any CPU
		{B3B8E380-5232-4135-BEB1-4E18A58037F8}.Release|Any CPU.Build.0 = Release|Any CPU
		{44E9C0B2-9729-47B7-8B32-0F61D7448A57}.Debug|Any CPU.ActiveCfg = Debug|Any CPU
		{44E9C0B2-9729-47B7-8B32-0F61D7448A57}.Debug|Any CPU.Build.0 = Debug|Any CPU
		{44E9C0B2-9729-47B7-8B32-0F61D7448A57}.Release|Any CPU.ActiveCfg = Release|Any CPU
		{44E9C0B2-9729-47B7-8B32-0F61D7448A57}.Release|Any CPU.Build.0 = Release|Any CPU
		{E1F568D6-7A1B-4C43-BED6-2B3A2A495330}.Debug|Any CPU.ActiveCfg = Debug|Any CPU
		{E1F568D6-7A1B-4C43-BED6-2B3A2A495330}.Debug|Any CPU.Build.0 = Debug|Any CPU
		{E1F568D6-7A1B-4C43-BED6-2B3A2A495330}.Release|Any CPU.ActiveCfg = Release|Any CPU
		{E1F568D6-7A1B-4C43-BED6-2B3A2A495330}.Release|Any CPU.Build.0 = Release|Any CPU
		{58C9D2F4-2E3B-409D-A7F4-743D1F0A9946}.Debug|Any CPU.ActiveCfg = Debug|Any CPU
		{58C9D2F4-2E3B-409D-A7F4-743D1F0A9946}.Debug|Any CPU.Build.0 = Debug|Any CPU
		{58C9D2F4-2E3B-409D-A7F4-743D1F0A9946}.Release|Any CPU.ActiveCfg = Release|Any CPU
		{58C9D2F4-2E3B-409D-A7F4-743D1F0A9946}.Release|Any CPU.Build.0 = Release|Any CPU
		{B415803B-28C4-4A85-8A2D-91AFF071DB88}.Debug|Any CPU.ActiveCfg = Debug|Any CPU
		{B415803B-28C4-4A85-8A2D-91AFF071DB88}.Debug|Any CPU.Build.0 = Debug|Any CPU
		{B415803B-28C4-4A85-8A2D-91AFF071DB88}.Release|Any CPU.ActiveCfg = Release|Any CPU
		{B415803B-28C4-4A85-8A2D-91AFF071DB88}.Release|Any CPU.Build.0 = Release|Any CPU
		{1BD7C3E8-1310-42EF-9F83-E4ED24E71206}.Debug|Any CPU.ActiveCfg = Debug|Any CPU
		{1BD7C3E8-1310-42EF-9F83-E4ED24E71206}.Debug|Any CPU.Build.0 = Debug|Any CPU
		{1BD7C3E8-1310-42EF-9F83-E4ED24E71206}.Release|Any CPU.ActiveCfg = Release|Any CPU
		{1BD7C3E8-1310-42EF-9F83-E4ED24E71206}.Release|Any CPU.Build.0 = Release|Any CPU
		{4A48B9C5-2FC5-4D42-9872-7F2A14202EC4}.Debug|Any CPU.ActiveCfg = Debug|Any CPU
		{4A48B9C5-2FC5-4D42-9872-7F2A14202EC4}.Debug|Any CPU.Build.0 = Debug|Any CPU
		{4A48B9C5-2FC5-4D42-9872-7F2A14202EC4}.Release|Any CPU.ActiveCfg = Release|Any CPU
		{4A48B9C5-2FC5-4D42-9872-7F2A14202EC4}.Release|Any CPU.Build.0 = Release|Any CPU
	EndGlobalSection
	GlobalSection(SolutionProperties) = preSolution
		HideSolutionNode = FALSE
	EndGlobalSection
EndGlobal
