
Microsoft Visual Studio Solution File, Format Version 12.00
# Visual Studio 14
VisualStudioVersion = 14.0.25420.1
MinimumVisualStudioVersion = 10.0.40219.1
Project("{FAE04EC0-301F-11D3-BF4B-00C04F79EFBC}") = "ValSystem", "ValSystem\ValSystem.csproj", "{EB7C74FD-089E-459A-AD89-B92EDBBF9D3C}"
EndProject
Project("{FAE04EC0-301F-11D3-BF4B-00C04F79EFBC}") = "ValSystem.Connection", "ValSystem.Connection\ValSystem.Connection.csproj", "{CA12DCCB-8956-47BF-9448-8209581A83FE}"
EndProject
Global
	GlobalSection(SolutionConfigurationPlatforms) = preSolution
		Debug|Any CPU = Debug|Any CPU
		Release|Any CPU = Release|Any CPU
	EndGlobalSection
	GlobalSection(ProjectConfigurationPlatforms) = postSolution
		{EB7C74FD-089E-459A-AD89-B92EDBBF9D3C}.Debug|Any CPU.ActiveCfg = Debug|Any CPU
		{EB7C74FD-089E-459A-AD89-B92EDBBF9D3C}.Debug|Any CPU.Build.0 = Debug|Any CPU
		{EB7C74FD-089E-459A-AD89-B92EDBBF9D3C}.Release|Any CPU.ActiveCfg = Release|Any CPU
		{EB7C74FD-089E-459A-AD89-B92EDBBF9D3C}.Release|Any CPU.Build.0 = Release|Any CPU
		{CA12DCCB-8956-47BF-9448-8209581A83FE}.Debug|Any CPU.ActiveCfg = Debug|Any CPU
		{CA12DCCB-8956-47BF-9448-8209581A83FE}.Debug|Any CPU.Build.0 = Debug|Any CPU
		{CA12DCCB-8956-47BF-9448-8209581A83FE}.Release|Any CPU.ActiveCfg = Release|Any CPU
		{CA12DCCB-8956-47BF-9448-8209581A83FE}.Release|Any CPU.Build.0 = Release|Any CPU
	EndGlobalSection
	GlobalSection(SolutionProperties) = preSolution
		HideSolutionNode = FALSE
	EndGlobalSection
EndGlobal
